{
  "requires": true,
  "lockfileVersion": 1,
  "dependencies": {
    "gridjs": {
      "version": "5.0.2",
      "resolved": "https://registry.npmjs.org/gridjs/-/gridjs-5.0.2.tgz",
      "integrity": "sha512-7EaMc4/IhqRcSbdOYvHOlHETciWmbbhMU6rDr2e0UfzIXSkb7X3Lhf9+bGv+v4JaWnJW5GBillgIIHrAvIIoFg==",
      "requires": {
        "preact": "^10.5.12",
        "tslib": "^2.0.1"
      }
    },
    "preact": {
      "version": "10.6.6",
      "resolved": "https://registry.npmjs.org/preact/-/preact-10.6.6.tgz",
      "integrity": "sha512-dgxpTFV2vs4vizwKohYKkk7g7rmp1wOOcfd4Tz3IB3Wi+ivZzsn/SpeKJhRENSE+n8sUfsAl4S3HiCVT923ABw=="
    },
    "tslib": {
      "version": "2.3.1",
      "resolved": "https://registry.npmjs.org/tslib/-/tslib-2.3.1.tgz",
      "integrity": "sha512-77EbyPPpMz+FRFRuAFlWMtmgUWGe9UOG2Z25NqCwiIjRhOf5iKGuzSe5P2w1laq+FkRy4p+PCuVkJSGkzTEKVw=="
    }
  }
}
